
Microsoft Visual Studio Solution File, Format Version 12.00
# Visual Studio Version 16
VisualStudioVersion = 16.0.29926.136
MinimumVisualStudioVersion = 10.0.40219.1
Project("{FAE04EC0-301F-11D3-BF4B-00C04F79EFBC}") = "COLLCETION_ARRYLIST", "COLLCETION_ARRYLIST\COLLCETION_ARRYLIST.csproj", "{5DD2C459-332C-4978-A4BE-CC618077EEAF}"
EndProject
Global
	GlobalSection(SolutionConfigurationPlatforms) = preSolution
		Debug|Any CPU = Debug|Any CPU
		Release|Any CPU = Release|Any CPU
	EndGlobalSection
	GlobalSection(ProjectConfigurationPlatforms) = postSolution
		{5DD2C459-332C-4978-A4BE-CC618077EEAF}.Debug|Any CPU.ActiveCfg = Debug|Any CPU
		{5DD2C459-332C-4978-A4BE-CC618077EEAF}.Debug|Any CPU.Build.0 = Debug|Any CPU
		{5DD2C459-332C-4978-A4BE-CC618077EEAF}.Release|Any CPU.ActiveCfg = Release|Any CPU
		{5DD2C459-332C-4978-A4BE-CC618077EEAF}.Release|Any CPU.Build.0 = Release|Any CPU
	EndGlobalSection
	GlobalSection(SolutionProperties) = preSolution
		HideSolutionNode = FALSE
	EndGlobalSection
	GlobalSection(ExtensibilityGlobals) = postSolution
		SolutionGuid = {8951C55B-17F4-4F76-919B-BF5582E27DD7}
	EndGlobalSection
EndGlobal
